
Microsoft Visual Studio Solution File, Format Version 12.00
# Visual Studio 15
VisualStudioVersion = 15.0.27428.2043
MinimumVisualStudioVersion = 10.0.40219.1
Project("{FAE04EC0-301F-11D3-BF4B-00C04F79EFBC}") = "events.tac.local", "events.tac.local\events.tac.local.csproj", "{F0387446-D23B-44D6-A2A1-C6127BF5A820}"
EndProject
Project("{FAE04EC0-301F-11D3-BF4B-00C04F79EFBC}") = "tac.utils", "..\..\..\..\..\data\Sitecore\Student Resources\Events\tac.utils\tac.utils.csproj", "{1C59F3AA-127D-4D46-92A9-8EB82692B76A}"
EndProject
Global
	GlobalSection(SolutionConfigurationPlatforms) = preSolution
		Debug|Any CPU = Debug|Any CPU
		Release|Any CPU = Release|Any CPU
	EndGlobalSection
	GlobalSection(ProjectConfigurationPlatforms) = postSolution
		{F0387446-D23B-44D6-A2A1-C6127BF5A820}.Debug|Any CPU.ActiveCfg = Debug|Any CPU
		{F0387446-D23B-44D6-A2A1-C6127BF5A820}.Debug|Any CPU.Build.0 = Debug|Any CPU
		{F0387446-D23B-44D6-A2A1-C6127BF5A820}.Release|Any CPU.ActiveCfg = Release|Any CPU
		{F0387446-D23B-44D6-A2A1-C6127BF5A820}.Release|Any CPU.Build.0 = Release|Any CPU
		{1C59F3AA-127D-4D46-92A9-8EB82692B76A}.Debug|Any CPU.ActiveCfg = Debug|Any CPU
		{1C59F3AA-127D-4D46-92A9-8EB82692B76A}.Debug|Any CPU.Build.0 = Debug|Any CPU
		{1C59F3AA-127D-4D46-92A9-8EB82692B76A}.Release|Any CPU.ActiveCfg = Release|Any CPU
		{1C59F3AA-127D-4D46-92A9-8EB82692B76A}.Release|Any CPU.Build.0 = Release|Any CPU
	EndGlobalSection
	GlobalSection(SolutionProperties) = preSolution
		HideSolutionNode = FALSE
	EndGlobalSection
	GlobalSection(ExtensibilityGlobals) = postSolution
		SolutionGuid = {D7680AE1-0C13-438B-BF42-73AF1DC2570E}
	EndGlobalSection
EndGlobal
